<?xml version="1.0" encoding="utf-8"?>
<Project ToolsVersion="17.0" xmlns="http://schemas.microsoft.com/developer/msbuild/2003">
  <ItemGroup>
    <ClCompile Include="benchmark\src\benchmark.cc">
      <Filter>Source Files</Filter>
    </ClCompile>
    <ClCompile Include="benchmark\src\benchmark_api_internal.cc">
      <Filter>Source Files</Filter>
    </ClCompile>
    <ClCompile Include="benchmark\src\benchmark_name.cc">
      <Filter>Source Files</Filter>
    </ClCompile>
    <ClCompile Include="benchmark\src\benchmark_register.cc">
      <Filter>Source Files</Filter>
    </ClCompile>
    <ClCompile Include="benchmark\src\benchmark_runner.cc">
      <Filter>Source Files</Filter>
    </ClCompile>
    <ClCompile Include="benchmark\src\check.cc">
      <Filter>Source Files</Filter>
    </ClCompile>
    <ClCompile Include="benchmark\src\colorprint.cc">
      <Filter>Source Files</Filter>
    </ClCompile>
    <ClCompile Include="benchmark\src\commandlineflags.cc">
      <Filter>Source Files</Filter>
    </ClCompile>
    <ClCompile Include="benchmark\src\complexity.cc">
      <Filter>Source Files</Filter>
    </ClCompile>
    <ClCompile Include="benchmark\src\console_reporter.cc">
      <Filter>Source Files</Filter>
    </ClCompile>
    <ClCompile Include="benchmark\src\counter.cc">
      <Filter>Source Files</Filter>
    </ClCompile>
    <ClCompile Include="benchmark\src\csv_reporter.cc">
      <Filter>Source Files</Filter>
    </ClCompile>
    <ClCompile Include="benchmark\src\json_reporter.cc">
      <Filter>Source Files</Filter>
    </ClCompile>
    <ClCompile Include="benchmark\src\perf_counters.cc">
      <Filter>Source Files</Filter>
    </ClCompile>
    <ClCompile Include="benchmark\src\reporter.cc">
      <Filter>Source Files</Filter>
    </ClCompile>
    <ClCompile Include="benchmark\src\statistics.cc">
      <Filter>Source Files</Filter>
    </ClCompile>
    <ClCompile Include="benchmark\src\string_util.cc">
      <Filter>Source Files</Filter>
    </ClCompile>
    <ClCompile Include="benchmark\src\sysinfo.cc">
      <Filter>Source Files</Filter>
    </ClCompile>
    <ClCompile Include="benchmark\src\timers.cc">
      <Filter>Source Files</Filter>
    </ClCompile>
  </ItemGroup>
  <ItemGroup>
    <ClInclude Include="benchmark\src\timers.h">
      <Filter>Header Files</Filter>
    </ClInclude>
    <ClInclude Include="benchmark\src\thread_timer.h">
      <Filter>Header Files</Filter>
    </ClInclude>
    <ClInclude Include="benchmark\src\thread_manager.h">
      <Filter>Header Files</Filter>
    </ClInclude>
    <ClInclude Include="benchmark\src\string_util.h">
      <Filter>Header Files</Filter>
    </ClInclude>
    <ClInclude Include="benchmark\src\statistics.h">
      <Filter>Header Files</Filter>
    </ClInclude>
    <ClInclude Include="benchmark\src\re.h">
      <Filter>Header Files</Filter>
    </ClInclude>
    <ClInclude Include="benchmark\src\perf_counters.h">
      <Filter>Header Files</Filter>
    </ClInclude>
    <ClInclude Include="benchmark\src\mutex.h">
      <Filter>Header Files</Filter>
    </ClInclude>
    <ClInclude Include="benchmark\src\log.h">
      <Filter>Header Files</Filter>
    </ClInclude>
    <ClInclude Include="benchmark\src\internal_macros.h">
      <Filter>Header Files</Filter>
    </ClInclude>
    <ClInclude Include="benchmark\include\benchmark\export.h">
      <Filter>Header Files</Filter>
    </ClInclude>
    <ClInclude Include="benchmark\src\cycleclock.h">
      <Filter>Header Files</Filter>
    </ClInclude>
    <ClInclude Include="benchmark\src\counter.h">
      <Filter>Header Files</Filter>
    </ClInclude>
    <ClInclude Include="benchmark\src\complexity.h">
      <Filter>Header Files</Filter>
    </ClInclude>
    <ClInclude Include="benchmark\src\commandlineflags.h">
      <Filter>Header Files</Filter>
    </ClInclude>
    <ClInclude Include="benchmark\src\colorprint.h">
      <Filter>Header Files</Filter>
    </ClInclude>
    <ClInclude Include="benchmark\src\check.h">
      <Filter>Header Files</Filter>
    </ClInclude>
    <ClInclude Include="benchmark\src\benchmark_runner.h">
      <Filter>Header Files</Filter>
    </ClInclude>
    <ClInclude Include="benchmark\src\benchmark_register.h">
      <Filter>Header Files</Filter>
    </ClInclude>
    <ClInclude Include="benchmark\src\benchmark_api_internal.h">
      <Filter>Header Files</Filter>
    </ClInclude>
    <ClInclude Include="benchmark\include\benchmark\benchmark.h">
      <Filter>Header Files</Filter>
    </ClInclude>
    <ClInclude Include="benchmark\src\arraysize.h">
      <Filter>Header Files</Filter>
    </ClInclude>
  </ItemGroup>
  <ItemGroup>
    <Filter Include="Header Files">
      <UniqueIdentifier>{DA61E7F2-24F9-3D07-8AF5-F382D49C0FF2}</UniqueIdentifier>
    </Filter>
    <Filter Include="Source Files">
      <UniqueIdentifier>{92E96931-520E-3EF8-B340-6DA7D2402E19}</UniqueIdentifier>
    </Filter>
  </ItemGroup>
</Project>